
Microsoft Visual Studio Solution File, Format Version 12.00
# Visual Studio Version 16
VisualStudioVersion = 16.0.29519.87
MinimumVisualStudioVersion = 10.0.40219.1
Project("{8BC9CEB8-8B4A-11D0-8D11-00A0C91BC942}") = "Sandbox", "..\Sandbox\Sandbox.vcxproj", "{639E35A5-A2BA-4042-829B-D8C341DB76B6}"
EndProject
Project("{8BC9CEB8-8B4A-11D0-8D11-00A0C91BC942}") = "Engine", "Engine.vcxproj", "{48930C51-C40A-4B91-9100-11C8460DD5B2}"
EndProject
Global
	GlobalSection(SolutionConfigurationPlatforms) = preSolution
		Debug|x64 = Debug|x64
		Release|x64 = Release|x64
	EndGlobalSection
	GlobalSection(ProjectConfigurationPlatforms) = postSolution
		{48930C51-C40A-4B91-9100-11C8460DD5B2}.Debug|x64.ActiveCfg = Debug|x64
		{48930C51-C40A-4B91-9100-11C8460DD5B2}.Debug|x64.Build.0 = Debug|x64
		{48930C51-C40A-4B91-9100-11C8460DD5B2}.Release|x64.ActiveCfg = Release|x64
		{48930C51-C40A-4B91-9100-11C8460DD5B2}.Release|x64.Build.0 = Release|x64
		{639E35A5-A2BA-4042-829B-D8C341DB76B6}.Debug|x64.ActiveCfg = Debug|x64
		{639E35A5-A2BA-4042-829B-D8C341DB76B6}.Debug|x64.Build.0 = Debug|x64
		{639E35A5-A2BA-4042-829B-D8C341DB76B6}.Release|x64.ActiveCfg = Release|x64
		{639E35A5-A2BA-4042-829B-D8C341DB76B6}.Release|x64.Build.0 = Release|x64
	EndGlobalSection
	GlobalSection(SolutionProperties) = preSolution
		HideSolutionNode = FALSE
	EndGlobalSection
	GlobalSection(ExtensibilityGlobals) = postSolution
		SolutionGuid = {2450D1F2-EB49-4155-95C7-36279D7C10BA}
	EndGlobalSection
EndGlobal
